// !$*UTF8*$!
{
	archiveVersion = 1;
	classes = {
	};
	objectVersion = 50;
	objects = {

/* Begin PBXBuildFile section */
		1AB2F70F217665D00095EDD6 /* AppDelegate.swift in Sources */ = {isa = PBXBuildFile; fileRef = 1AB2F70E217665D00095EDD6 /* AppDelegate.swift */; };
		1AB2F714217665D00095EDD6 /* Main.storyboard in Resources */ = {isa = PBXBuildFile; fileRef = 1AB2F712217665D00095EDD6 /* Main.storyboard */; };
		1AB2F716217665D10095EDD6 /* Assets.xcassets in Resources */ = {isa = PBXBuildFile; fileRef = 1AB2F715217665D10095EDD6 /* Assets.xcassets */; };
		1AB2F719217665D10095EDD6 /* LaunchScreen.storyboard in Resources */ = {isa = PBXBuildFile; fileRef = 1AB2F717217665D10095EDD6 /* LaunchScreen.storyboard */; };
		1AB2F724217665D10095EDD6 /* CanvasTests.swift in Sources */ = {isa = PBXBuildFile; fileRef = 1AB2F723217665D10095EDD6 /* CanvasTests.swift */; };
		1AB2F72F217665D10095EDD6 /* CanvasUITests.swift in Sources */ = {isa = PBXBuildFile; fileRef = 1AB2F72E217665D10095EDD6 /* CanvasUITests.swift */; };
		1AB2F73D217667160095EDD6 /* CanvasViewController.swift in Sources */ = {isa = PBXBuildFile; fileRef = 1AB2F73C217667160095EDD6 /* CanvasViewController.swift */; };
/* End PBXBuildFile section */

/* Begin PBXContainerItemProxy section */
		1AB2F720217665D10095EDD6 /* PBXContainerItemProxy */ = {
			isa = PBXContainerItemProxy;
			containerPortal = 1AB2F703217665D00095EDD6 /* Project object */;
			proxyType = 1;
			remoteGlobalIDString = 1AB2F70A217665D00095EDD6;
			remoteInfo = Canvas;
		};
		1AB2F72B217665D10095EDD6 /* PBXContainerItemProxy */ = {
			isa = PBXContainerItemProxy;
			containerPortal = 1AB2F703217665D00095EDD6 /* Project object */;
			proxyType = 1;
			remoteGlobalIDString = 1AB2F70A217665D00095EDD6;
			remoteInfo = Canvas;
		};
/* End PBXContainerItemProxy section */

/* Begin PBXFileReference section */
		1AB2F70B217665D00095EDD6 /* Canvas.app */ = {isa = PBXFileReference; explicitFileType = wrapper.application; includeInIndex = 0; path = Canvas.app; sourceTree = BUILT_PRODUCTS_DIR; };
		1AB2F70E217665D00095EDD6 /* AppDelegate.swift */ = {isa = PBXFileReference; lastKnownFileType = sourcecode.swift; path = AppDelegate.swift; sourceTree = "<group>"; };
		1AB2F713217665D00095EDD6 /* Base */ = {isa = PBXFileReference; lastKnownFileType = file.storyboard; name = Base; path = Base.lproj/Main.storyboard; sourceTree = "<group>"; };
		1AB2F715217665D10095EDD6 /* Assets.xcassets */ = {isa = PBXFileReference; lastKnownFileType = folder.assetcatalog; path = Assets.xcassets; sourceTree = "<group>"; };
		1AB2F718217665D10095EDD6 /* Base */ = {isa = PBXFileReference; lastKnownFileType = file.storyboard; name = Base; path = Base.lproj/LaunchScreen.storyboard; sourceTree = "<group>"; };
		1AB2F71A217665D10095EDD6 /* Info.plist */ = {isa = PBXFileReference; lastKnownFileType = text.plist.xml; path = Info.plist; sourceTree = "<group>"; };
		1AB2F71F217665D10095EDD6 /* CanvasTests.xctest */ = {isa = PBXFileReference; explicitFileType = wrapper.cfbundle; includeInIndex = 0; path = CanvasTests.xctest; sourceTree = BUILT_PRODUCTS_DIR; };
		1AB2F723217665D10095EDD6 /* CanvasTests.swift */ = {isa = PBXFileReference; lastKnownFileType = sourcecode.swift; path = CanvasTests.swift; sourceTree = "<group>"; };
		1AB2F725217665D10095EDD6 /* Info.plist */ = {isa = PBXFileReference; lastKnownFileType = text.plist.xml; path = Info.plist; sourceTree = "<group>"; };
		1AB2F72A217665D10095EDD6 /* CanvasUITests.xctest */ = {isa = PBXFileReference; explicitFileType = wrapper.cfbundle; includeInIndex = 0; path = CanvasUITests.xctest; sourceTree = BUILT_PRODUCTS_DIR; };
		1AB2F72E217665D10095EDD6 /* CanvasUITests.swift */ = {isa = PBXFileReference; lastKnownFileType = sourcecode.swift; path = CanvasUITests.swift; sourceTree = "<group>"; };
		1AB2F730217665D10095EDD6 /* Info.plist */ = {isa = PBXFileReference; lastKnownFileType = text.plist.xml; path = Info.plist; sourceTree = "<group>"; };
		1AB2F73C217667160095EDD6 /* CanvasViewController.swift */ = {isa = PBXFileReference; lastKnownFileType = sourcecode.swift; path = CanvasViewController.swift; sourceTree = "<group>"; };
/* End PBXFileReference section */

/* Begin PBXFrameworksBuildPhase section */
		1AB2F708217665D00095EDD6 /* Frameworks */ = {
			isa = PBXFrameworksBuildPhase;
			buildActionMask = 2147483647;
			files = (
			);
			runOnlyForDeploymentPostprocessing = 0;
		};
		1AB2F71C217665D10095EDD6 /* Frameworks */ = {
			isa = PBXFrameworksBuildPhase;
			buildActionMask = 2147483647;
			files = (
			);
			runOnlyForDeploymentPostprocessing = 0;
		};
		1AB2F727217665D10095EDD6 /* Frameworks */ = {
			isa = PBXFrameworksBuildPhase;
			buildActionMask = 2147483647;
			files = (
			);
			runOnlyForDeploymentPostprocessing = 0;
		};
/* End PBXFrameworksBuildPhase section */

/* Begin PBXGroup section */
		1AB2F702217665D00095EDD6 = {
			isa = PBXGroup;
			children = (
				1AB2F70D217665D00095EDD6 /* Canvas */,
				1AB2F722217665D10095EDD6 /* CanvasTests */,
				1AB2F72D217665D10095EDD6 /* CanvasUITests */,
				1AB2F70C217665D00095EDD6 /* Products */,
			);
			sourceTree = "<group>";
		};
		1AB2F70C217665D00095EDD6 /* Products */ = {
			isa = PBXGroup;
			children = (
				1AB2F70B217665D00095EDD6 /* Canvas.app */,
				1AB2F71F217665D10095EDD6 /* CanvasTests.xctest */,
				1AB2F72A217665D10095EDD6 /* CanvasUITests.xctest */,
			);
			name = Products;
			sourceTree = "<group>";
		};
		1AB2F70D217665D00095EDD6 /* Canvas */ = {
			isa = PBXGroup;
			children = (
				1AB2F70E217665D00095EDD6 /* AppDelegate.swift */,
				1AB2F712217665D00095EDD6 /* Main.storyboard */,
				1AB2F715217665D10095EDD6 /* Assets.xcassets */,
				1AB2F717217665D10095EDD6 /* LaunchScreen.storyboard */,
				1AB2F71A217665D10095EDD6 /* Info.plist */,
				1AB2F73C217667160095EDD6 /* CanvasViewController.swift */,
			);
			path = Canvas;
			sourceTree = "<group>";
		};
		1AB2F722217665D10095EDD6 /* CanvasTests */ = {
			isa = PBXGroup;
			children = (
				1AB2F723217665D10095EDD6 /* CanvasTests.swift */,
				1AB2F725217665D10095EDD6 /* Info.plist */,
			);
			path = CanvasTests;
			sourceTree = "<group>";
		};
		1AB2F72D217665D10095EDD6 /* CanvasUITests */ = {
			isa = PBXGroup;
			children = (
				1AB2F72E217665D10095EDD6 /* CanvasUITests.swift */,
				1AB2F730217665D10095EDD6 /* Info.plist */,
			);
			path = CanvasUITests;
			sourceTree = "<group>";
		};
/* End PBXGroup section */

/* Begin PBXNativeTarget section */
		1AB2F70A217665D00095EDD6 /* Canvas */ = {
			isa = PBXNativeTarget;
			buildConfigurationList = 1AB2F733217665D10095EDD6 /* Build configuration list for PBXNativeTarget "Canvas" */;
			buildPhases = (
				1AB2F707217665D00095EDD6 /* Sources */,
				1AB2F708217665D00095EDD6 /* Frameworks */,
				1AB2F709217665D00095EDD6 /* Resources */,
			);
			buildRules = (
			);
			dependencies = (
			);
			name = Canvas;
			productName = Canvas;
			productReference = 1AB2F70B217665D00095EDD6 /* Canvas.app */;
			productType = "com.apple.product-type.application";
		};
		1AB2F71E217665D10095EDD6 /* CanvasTests */ = {
			isa = PBXNativeTarget;
			buildConfigurationList = 1AB2F736217665D10095EDD6 /* Build configuration list for PBXNativeTarget "CanvasTests" */;
			buildPhases = (
				1AB2F71B217665D10095EDD6 /* Sources */,
				1AB2F71C217665D10095EDD6 /* Frameworks */,
				1AB2F71D217665D10095EDD6 /* Resources */,
			);
			buildRules = (
			);
			dependencies = (
				1AB2F721217665D10095EDD6 /* PBXTargetDependency */,
			);
			name = CanvasTests;
			productName = CanvasTests;
			productReference = 1AB2F71F217665D10095EDD6 /* CanvasTests.xctest */;
			productType = "com.apple.product-type.bundle.unit-test";
		};
		1AB2F729217665D10095EDD6 /* CanvasUITests */ = {
			isa = PBXNativeTarget;
			buildConfigurationList = 1AB2F739217665D10095EDD6 /* Build configuration list for PBXNativeTarget "CanvasUITests" */;
			buildPhases = (
				1AB2F726217665D10095EDD6 /* Sources */,
				1AB2F727217665D10095EDD6 /* Frameworks */,
				1AB2F728217665D10095EDD6 /* Resources */,
			);
			buildRules = (
			);
			dependencies = (
				1AB2F72C217665D10095EDD6 /* PBXTargetDependency */,
			);
			name = CanvasUITests;
			productName = CanvasUITests;
			productReference = 1AB2F72A217665D10095EDD6 /* CanvasUITests.xctest */;
			productType = "com.apple.product-type.bundle.ui-testing";
		};
/* End PBXNativeTarget section */

/* Begin PBXProject section */
		1AB2F703217665D00095EDD6 /* Project object */ = {
			isa = PBXProject;
			attributes = {
				LastSwiftUpdateCheck = 1000;
				LastUpgradeCheck = 1000;
				ORGANIZATIONNAME = "Ellis Crawford";
				TargetAttributes = {
					1AB2F70A217665D00095EDD6 = {
						CreatedOnToolsVersion = 10.0;
					};
					1AB2F71E217665D10095EDD6 = {
						CreatedOnToolsVersion = 10.0;
						TestTargetID = 1AB2F70A217665D00095EDD6;
					};
					1AB2F729217665D10095EDD6 = {
						CreatedOnToolsVersion = 10.0;
						TestTargetID = 1AB2F70A217665D00095EDD6;
					};
				};
			};
			buildConfigurationList = 1AB2F706217665D00095EDD6 /* Build configuration list for PBXProject "Canvas" */;
			compatibilityVersion = "Xcode 9.3";
			developmentRegion = en;
			hasScannedForEncodings = 0;
			knownRegions = (
				en,
				Base,
			);
			mainGroup = 1AB2F702217665D00095EDD6;
			productRefGroup = 1AB2F70C217665D00095EDD6 /* Products */;
			projectDirPath = "";
			projectRoot = "";
			targets = (
				1AB2F70A217665D00095EDD6 /* Canvas */,
				1AB2F71E217665D10095EDD6 /* CanvasTests */,
				1AB2F729217665D10095EDD6 /* CanvasUITests */,
			);
		};
/* End PBXProject section */

/* Begin PBXResourcesBuildPhase section */
		1AB2F709217665D00095EDD6 /* Resources */ = {
			isa = PBXResourcesBuildPhase;
			buildActionMask = 2147483647;
			files = (
				1AB2F719217665D10095EDD6 /* LaunchScreen.storyboard in Resources */,
				1AB2F716217665D10095EDD6 /* Assets.xcassets in Resources */,
				1AB2F714217665D00095EDD6 /* Main.storyboard in Resources */,
			);
			runOnlyForDeploymentPostprocessing = 0;
		};
		1AB2F71D217665D10095EDD6 /* Resources */ = {
			isa = PBXResourcesBuildPhase;
			buildActionMask = 2147483647;
			files = (
			);
			runOnlyForDeploymentPostprocessing = 0;
		};
		1AB2F728217665D10095EDD6 /* Resources */ = {
			isa = PBXResourcesBuildPhase;
			buildActionMask = 2147483647;
			files = (
			);
			runOnlyForDeploymentPostprocessing = 0;
		};
/* End PBXResourcesBuildPhase section */

/* Begin PBXSourcesBuildPhase section */
		1AB2F707217665D00095EDD6 /* Sources */ = {
			isa = PBXSourcesBuildPhase;
			buildActionMask = 2147483647;
			files = (
				1AB2F73D217667160095EDD6 /* CanvasViewController.swift in Sources */,
				1AB2F70F217665D00095EDD6 /* AppDelegate.swift in Sources */,
			);
			runOnlyForDeploymentPostprocessing = 0;
		};
		1AB2F71B217665D10095EDD6 /* Sources */ = {
			isa = PBXSourcesBuildPhase;
			buildActionMask = 2147483647;
			files = (
				1AB2F724217665D10095EDD6 /* CanvasTests.swift in Sources */,
			);
			runOnlyForDeploymentPostprocessing = 0;
		};
		1AB2F726217665D10095EDD6 /* Sources */ = {
			isa = PBXSourcesBuildPhase;
			buildActionMask = 2147483647;
			files = (
				1AB2F72F217665D10095EDD6 /* CanvasUITests.swift in Sources */,
			);
			runOnlyForDeploymentPostprocessing = 0;
		};
/* End PBXSourcesBuildPhase section */

/* Begin PBXTargetDependency section */
		1AB2F721217665D10095EDD6 /* PBXTargetDependency */ = {
			isa = PBXTargetDependency;
			target = 1AB2F70A217665D00095EDD6 /* Canvas */;
			targetProxy = 1AB2F720217665D10095EDD6 /* PBXContainerItemProxy */;
		};
		1AB2F72C217665D10095EDD6 /* PBXTargetDependency */ = {
			isa = PBXTargetDependency;
			target = 1AB2F70A217665D00095EDD6 /* Canvas */;
			targetProxy = 1AB2F72B217665D10095EDD6 /* PBXContainerItemProxy */;
		};
/* End PBXTargetDependency section */

/* Begin PBXVariantGroup section */
		1AB2F712217665D00095EDD6 /* Main.storyboard */ = {
			isa = PBXVariantGroup;
			children = (
				1AB2F713217665D00095EDD6 /* Base */,
			);
			name = Main.storyboard;
			sourceTree = "<group>";
		};
		1AB2F717217665D10095EDD6 /* LaunchScreen.storyboard */ = {
			isa = PBXVariantGroup;
			children = (
				1AB2F718217665D10095EDD6 /* Base */,
			);
			name = LaunchScreen.storyboard;
			sourceTree = "<group>";
		};
/* End PBXVariantGroup section */

/* Begin XCBuildConfiguration section */
		1AB2F731217665D10095EDD6 /* Debug */ = {
			isa = XCBuildConfiguration;
			buildSettings = {
				ALWAYS_SEARCH_USER_PATHS = NO;
				CLANG_ANALYZER_NONNULL = YES;
				CLANG_ANALYZER_NUMBER_OBJECT_CONVERSION = YES_AGGRESSIVE;
				CLANG_CXX_LANGUAGE_STANDARD = "gnu++14";
				CLANG_CXX_LIBRARY = "libc++";
				CLANG_ENABLE_MODULES = YES;
				CLANG_ENABLE_OBJC_ARC = YES;
				CLANG_ENABLE_OBJC_WEAK = YES;
				CLANG_WARN_BLOCK_CAPTURE_AUTORELEASING = YES;
				CLANG_WARN_BOOL_CONVERSION = YES;
				CLANG_WARN_COMMA = YES;
				CLANG_WARN_CONSTANT_CONVERSION = YES;
				CLANG_WARN_DEPRECATED_OBJC_IMPLEMENTATIONS = YES;
				CLANG_WARN_DIRECT_OBJC_ISA_USAGE = YES_ERROR;
				CLANG_WARN_DOCUMENTATION_COMMENTS = YES;
				CLANG_WARN_EMPTY_BODY = YES;
				CLANG_WARN_ENUM_CONVERSION = YES;
				CLANG_WARN_INFINITE_RECURSION = YES;
				CLANG_WARN_INT_CONVERSION = YES;
				CLANG_WARN_NON_LITERAL_NULL_CONVERSION = YES;
				CLANG_WARN_OBJC_IMPLICIT_RETAIN_SELF = YES;
				CLANG_WARN_OBJC_LITERAL_CONVERSION = YES;
				CLANG_WARN_OBJC_ROOT_CLASS = YES_ERROR;
				CLANG_WARN_RANGE_LOOP_ANALYSIS = YES;
				CLANG_WARN_STRICT_PROTOTYPES = YES;
				CLANG_WARN_SUSPICIOUS_MOVE = YES;
				CLANG_WARN_UNGUARDED_AVAILABILITY = YES_AGGRESSIVE;
				CLANG_WARN_UNREACHABLE_CODE = YES;
				CLANG_WARN__DUPLICATE_METHOD_MATCH = YES;
				CODE_SIGN_IDENTITY = "iPhone Developer";
				COPY_PHASE_STRIP = NO;
				DEBUG_INFORMATION_FORMAT = dwarf;
				ENABLE_STRICT_OBJC_MSGSEND = YES;
				ENABLE_TESTABILITY = YES;
				GCC_C_LANGUAGE_STANDARD = gnu11;
				GCC_DYNAMIC_NO_PIC = NO;
				GCC_NO_COMMON_BLOCKS = YES;
				GCC_OPTIMIZATION_LEVEL = 0;
				GCC_PREPROCESSOR_DEFINITIONS = (
					"DEBUG=1",
					"$(inherited)",
				);
				GCC_WARN_64_TO_32_BIT_CONVERSION = YES;
				GCC_WARN_ABOUT_RETURN_TYPE = YES_ERROR;
				GCC_WARN_UNDECLARED_SELECTOR = YES;
				GCC_WARN_UNINITIALIZED_AUTOS = YES_AGGRESSIVE;
				GCC_WARN_UNUSED_FUNCTION = YES;
				GCC_WARN_UNUSED_VARIABLE = YES;
				IPHONEOS_DEPLOYMENT_TARGET = 12.0;
				MTL_ENABLE_DEBUG_INFO = INCLUDE_SOURCE;
				MTL_FAST_MATH = YES;
				ONLY_ACTIVE_ARCH = YES;
				SDKROOT = iphoneos;
				SWIFT_ACTIVE_COMPILATION_CONDITIONS = DEBUG;
				SWIFT_OPTIMIZATION_LEVEL = "-Onone";
			};
			name = Debug;
		};
		1AB2F732217665D10095EDD6 /* Release */ = {
			isa = XCBuildConfiguration;
			buildSettings = {
				ALWAYS_SEARCH_USER_PATHS = NO;
				CLANG_ANALYZER_NONNULL = YES;
				CLANG_ANALYZER_NUMBER_OBJECT_CONVERSION = YES_AGGRESSIVE;
				CLANG_CXX_LANGUAGE_STANDARD = "gnu++14";
				CLANG_CXX_LIBRARY = "libc++";
				CLANG_ENABLE_MODULES = YES;
				CLANG_ENABLE_OBJC_ARC = YES;
				CLANG_ENABLE_OBJC_WEAK = YES;
				CLANG_WARN_BLOCK_CAPTURE_AUTORELEASING = YES;
				CLANG_WARN_BOOL_CONVERSION = YES;
				CLANG_WARN_COMMA = YES;
				CLANG_WARN_CONSTANT_CONVERSION = YES;
				CLANG_WARN_DEPRECATED_OBJC_IMPLEMENTATIONS = YES;
				CLANG_WARN_DIRECT_OBJC_ISA_USAGE = YES_ERROR;
				CLANG_WARN_DOCUMENTATION_COMMENTS = YES;
				CLANG_WARN_EMPTY_BODY = YES;
				CLANG_WARN_ENUM_CONVERSION = YES;
				CLANG_WARN_INFINITE_RECURSION = YES;
				CLANG_WARN_INT_CONVERSION = YES;
				CLANG_WARN_NON_LITERAL_NULL_CONVERSION = YES;
				CLANG_WARN_OBJC_IMPLICIT_RETAIN_SELF = YES;
				CLANG_WARN_OBJC_LITERAL_CONVERSION = YES;
				CLANG_WARN_OBJC_ROOT_CLASS = YES_ERROR;
				CLANG_WARN_RANGE_LOOP_ANALYSIS = YES;
				CLANG_WARN_STRICT_PROTOTYPES = YES;
				CLANG_WARN_SUSPICIOUS_MOVE = YES;
				CLANG_WARN_UNGUARDED_AVAILABILITY = YES_AGGRESSIVE;
				CLANG_WARN_UNREACHABLE_CODE = YES;
				CLANG_WARN__DUPLICATE_METHOD_MATCH = YES;
				CODE_SIGN_IDENTITY = "iPhone Developer";
				COPY_PHASE_STRIP = NO;
				DEBUG_INFORMATION_FORMAT = "dwarf-with-dsym";
				ENABLE_NS_ASSERTIONS = NO;
				ENABLE_STRICT_OBJC_MSGSEND = YES;
				GCC_C_LANGUAGE_STANDARD = gnu11;
				GCC_NO_COMMON_BLOCKS = YES;
				GCC_WARN_64_TO_32_BIT_CONVERSION = YES;
				GCC_WARN_ABOUT_RETURN_TYPE = YES_ERROR;
				GCC_WARN_UNDECLARED_SELECTOR = YES;
				GCC_WARN_UNINITIALIZED_AUTOS = YES_AGGRESSIVE;
				GCC_WARN_UNUSED_FUNCTION = YES;
				GCC_WARN_UNUSED_VARIABLE = YES;
				IPHONEOS_DEPLOYMENT_TARGET = 12.0;
				MTL_ENABLE_DEBUG_INFO = NO;
				MTL_FAST_MATH = YES;
				SDKROOT = iphoneos;
				SWIFT_COMPILATION_MODE = wholemodule;
				SWIFT_OPTIMIZATION_LEVEL = "-O";
				VALIDATE_PRODUCT = YES;
			};
			name = Release;
		};
		1AB2F734217665D10095EDD6 /* Debug */ = {
			isa = XCBuildConfiguration;
			buildSettings = {
				ASSETCATALOG_COMPILER_APPICON_NAME = AppIcon;
				CODE_SIGN_STYLE = Automatic;
				INFOPLIST_FILE = Canvas/Info.plist;
				LD_RUNPATH_SEARCH_PATHS = (
					"$(inherited)",
					"@executable_path/Frameworks",
				);
				PRODUCT_BUNDLE_IDENTIFIER = none.Canvas;
				PRODUCT_NAME = "$(TARGET_NAME)";
				SWIFT_VERSION = 4.2;
				TARGETED_DEVICE_FAMILY = "1,2";
			};
			name = Debug;
		};
		1AB2F735217665D10095EDD6 /* Release */ = {
			isa = XCBuildConfiguration;
			buildSettings = {
				ASSETCATALOG_COMPILER_APPICON_NAME = AppIcon;
				CODE_SIGN_STYLE = Automatic;
				INFOPLIST_FILE = Canvas/Info.plist;
				LD_RUNPATH_SEARCH_PATHS = (
					"$(inherited)",
					"@executable_path/Frameworks",
				);
				PRODUCT_BUNDLE_IDENTIFIER = none.Canvas;
				PRODUCT_NAME = "$(TARGET_NAME)";
				SWIFT_VERSION = 4.2;
				TARGETED_DEVICE_FAMILY = "1,2";
			};
			name = Release;
		};
		1AB2F737217665D10095EDD6 /* Debug */ = {
			isa = XCBuildConfiguration;
			buildSettings = {
				ALWAYS_EMBED_SWIFT_STANDARD_LIBRARIES = YES;
				BUNDLE_LOADER = "$(TEST_HOST)";
				CODE_SIGN_STYLE = Automatic;
				INFOPLIST_FILE = CanvasTests/Info.plist;
				LD_RUNPATH_SEARCH_PATHS = (
					"$(inherited)",
					"@executable_path/Frameworks",
					"@loader_path/Frameworks",
				);
				PRODUCT_BUNDLE_IDENTIFIER = none.CanvasTests;
				PRODUCT_NAME = "$(TARGET_NAME)";
				SWIFT_VERSION = 4.2;
				TARGETED_DEVICE_FAMILY = "1,2";
				TEST_HOST = "$(BUILT_PRODUCTS_DIR)/Canvas.app/Canvas";
			};
			name = Debug;
		};
		1AB2F738217665D10095EDD6 /* Release */ = {
			isa = XCBuildConfiguration;
			buildSettings = {
				ALWAYS_EMBED_SWIFT_STANDARD_LIBRARIES = YES;
				BUNDLE_LOADER = "$(TEST_HOST)";
				CODE_SIGN_STYLE = Automatic;
				INFOPLIST_FILE = CanvasTests/Info.plist;
				LD_RUNPATH_SEARCH_PATHS = (
					"$(inherited)",
					"@executable_path/Frameworks",
					"@loader_path/Frameworks",
				);
				PRODUCT_BUNDLE_IDENTIFIER = none.CanvasTests;
				PRODUCT_NAME = "$(TARGET_NAME)";
				SWIFT_VERSION = 4.2;
				TARGETED_DEVICE_FAMILY = "1,2";
				TEST_HOST = "$(BUILT_PRODUCTS_DIR)/Canvas.app/Canvas";
			};
			name = Release;
		};
		1AB2F73A217665D10095EDD6 /* Debug */ = {
			isa = XCBuildConfiguration;
			buildSettings = {
				ALWAYS_EMBED_SWIFT_STANDARD_LIBRARIES = YES;
				CODE_SIGN_STYLE = Automatic;
				INFOPLIST_FILE = CanvasUITests/Info.plist;
				LD_RUNPATH_SEARCH_PATHS = (
					"$(inherited)",
					"@executable_path/Frameworks",
					"@loader_path/Frameworks",
				);
				PRODUCT_BUNDLE_IDENTIFIER = none.CanvasUITests;
				PRODUCT_NAME = "$(TARGET_NAME)";
				SWIFT_VERSION = 4.2;
				TARGETED_DEVICE_FAMILY = "1,2";
				TEST_TARGET_NAME = Canvas;
			};
			name = Debug;
		};
		1AB2F73B217665D10095EDD6 /* Release */ = {
			isa = XCBuildConfiguration;
			buildSettings = {
				ALWAYS_EMBED_SWIFT_STANDARD_LIBRARIES = YES;
				CODE_SIGN_STYLE = Automatic;
				INFOPLIST_FILE = CanvasUITests/Info.plist;
				LD_RUNPATH_SEARCH_PATHS = (
					"$(inherited)",
					"@executable_path/Frameworks",
					"@loader_path/Frameworks",
				);
				PRODUCT_BUNDLE_IDENTIFIER = none.CanvasUITests;
				PRODUCT_NAME = "$(TARGET_NAME)";
				SWIFT_VERSION = 4.2;
				TARGETED_DEVICE_FAMILY = "1,2";
				TEST_TARGET_NAME = Canvas;
			};
			name = Release;
		};
/* End XCBuildConfiguration section */

/* Begin XCConfigurationList section */
		1AB2F706217665D00095EDD6 /* Build configuration list for PBXProject "Canvas" */ = {
			isa = XCConfigurationList;
			buildConfigurations = (
				1AB2F731217665D10095EDD6 /* Debug */,
				1AB2F732217665D10095EDD6 /* Release */,
			);
			defaultConfigurationIsVisible = 0;
			defaultConfigurationName = Release;
		};
		1AB2F733217665D10095EDD6 /* Build configuration list for PBXNativeTarget "Canvas" */ = {
			isa = XCConfigurationList;
			buildConfigurations = (
				1AB2F734217665D10095EDD6 /* Debug */,
				1AB2F735217665D10095EDD6 /* Release */,
			);
			defaultConfigurationIsVisible = 0;
			defaultConfigurationName = Release;
		};
		1AB2F736217665D10095EDD6 /* Build configuration list for PBXNativeTarget "CanvasTests" */ = {
			isa = XCConfigurationList;
			buildConfigurations = (
				1AB2F737217665D10095EDD6 /* Debug */,
				1AB2F738217665D10095EDD6 /* Release */,
			);
			defaultConfigurationIsVisible = 0;
			defaultConfigurationName = Release;
		};
		1AB2F739217665D10095EDD6 /* Build configuration list for PBXNativeTarget "CanvasUITests" */ = {
			isa = XCConfigurationList;
			buildConfigurations = (
				1AB2F73A217665D10095EDD6 /* Debug */,
				1AB2F73B217665D10095EDD6 /* Release */,
			);
			defaultConfigurationIsVisible = 0;
			defaultConfigurationName = Release;
		};
/* End XCConfigurationList section */
	};
	rootObject = 1AB2F703217665D00095EDD6 /* Project object */;
}
